
Microsoft Visual Studio Solution File, Format Version 12.00
# Visual Studio Version 16
VisualStudioVersion = 16.0.31729.503
MinimumVisualStudioVersion = 10.0.40219.1
Project("{8BC9CEB8-8B4A-11D0-8D11-00A0C91BC942}") = "opengllab3_3", "opengllab3_3.vcxproj", "{6F04DB40-97F7-40CD-B9DD-4C8BA5072A8B}"
EndProject
Global
	GlobalSection(SolutionConfigurationPlatforms) = preSolution
		Debug|x64 = Debug|x64
		Debug|x86 = Debug|x86
		Release|x64 = Release|x64
		Release|x86 = Release|x86
	EndGlobalSection
	GlobalSection(ProjectConfigurationPlatforms) = postSolution
		{6F04DB40-97F7-40CD-B9DD-4C8BA5072A8B}.Debug|x64.ActiveCfg = Debug|x64
		{6F04DB40-97F7-40CD-B9DD-4C8BA5072A8B}.Debug|x64.Build.0 = Debug|x64
		{6F04DB40-97F7-40CD-B9DD-4C8BA5072A8B}.Debug|x86.ActiveCfg = Debug|Win32
		{6F04DB40-97F7-40CD-B9DD-4C8BA5072A8B}.Debug|x86.Build.0 = Debug|Win32
		{6F04DB40-97F7-40CD-B9DD-4C8BA5072A8B}.Release|x64.ActiveCfg = Release|x64
		{6F04DB40-97F7-40CD-B9DD-4C8BA5072A8B}.Release|x64.Build.0 = Release|x64
		{6F04DB40-97F7-40CD-B9DD-4C8BA5072A8B}.Release|x86.ActiveCfg = Release|Win32
		{6F04DB40-97F7-40CD-B9DD-4C8BA5072A8B}.Release|x86.Build.0 = Release|Win32
	EndGlobalSection
	GlobalSection(SolutionProperties) = preSolution
		HideSolutionNode = FALSE
	EndGlobalSection
	GlobalSection(ExtensibilityGlobals) = postSolution
		SolutionGuid = {4F4832F7-1709-44B7-84B1-E6A8E07BC090}
	EndGlobalSection
EndGlobal
